// !$*UTF8*$!
{
	archiveVersion = 1;
	classes = {
	};
	objectVersion = 46;
	objects = {

/* Begin PBXBuildFile section */
		250D15DB1BAC09E8008999DA /* TableViewController.m in Sources */ = {isa = PBXBuildFile; fileRef = 250D15DA1BAC09E8008999DA /* TableViewController.m */; };
		256182981BA2D7F700FAA386 /* FigureController.m in Sources */ = {isa = PBXBuildFile; fileRef = 256182971BA2D7F700FAA386 /* FigureController.m */; };
		2575E18D1BAB189500C3F572 /* ScoreControler.m in Sources */ = {isa = PBXBuildFile; fileRef = 2575E18C1BAB189500C3F572 /* ScoreControler.m */; };
		25913DCB1BB13CD70031B4FF /* 5652.png in Resources */ = {isa = PBXBuildFile; fileRef = 25913DCA1BB13CD70031B4FF /* 5652.png */; };
		25A561E01B9C760C000A5EBC /* main.m in Sources */ = {isa = PBXBuildFile; fileRef = 25A561DF1B9C760C000A5EBC /* main.m */; };
		25A561E31B9C760C000A5EBC /* AppDelegate.m in Sources */ = {isa = PBXBuildFile; fileRef = 25A561E21B9C760C000A5EBC /* AppDelegate.m */; };
		25A561E61B9C760C000A5EBC /* prom_graph.xcdatamodeld in Sources */ = {isa = PBXBuildFile; fileRef = 25A561E41B9C760C000A5EBC /* prom_graph.xcdatamodeld */; };
		25A561E91B9C760C000A5EBC /* ViewController.m in Sources */ = {isa = PBXBuildFile; fileRef = 25A561E81B9C760C000A5EBC /* ViewController.m */; };
		25A561EC1B9C760C000A5EBC /* Main.storyboard in Resources */ = {isa = PBXBuildFile; fileRef = 25A561EA1B9C760C000A5EBC /* Main.storyboard */; };
		25A561EE1B9C760C000A5EBC /* Images.xcassets in Resources */ = {isa = PBXBuildFile; fileRef = 25A561ED1B9C760C000A5EBC /* Images.xcassets */; };
		25A561F11B9C760C000A5EBC /* LaunchScreen.xib in Resources */ = {isa = PBXBuildFile; fileRef = 25A561EF1B9C760C000A5EBC /* LaunchScreen.xib */; };
		25A561FD1B9C760C000A5EBC /* prom_graphTests.m in Sources */ = {isa = PBXBuildFile; fileRef = 25A561FC1B9C760C000A5EBC /* prom_graphTests.m */; };
		25A5620B1B9C8073000A5EBC /* MyCanvas.m in Sources */ = {isa = PBXBuildFile; fileRef = 25A5620A1B9C8073000A5EBC /* MyCanvas.m */; };
		8464F6061BB53C5300F81F1B /* 208330906.png in Resources */ = {isa = PBXBuildFile; fileRef = 8464F6051BB53C5300F81F1B /* 208330906.png */; };
		84A4E11D1BB43B5300807F9D /* logo_01.png in Resources */ = {isa = PBXBuildFile; fileRef = 84A4E11C1BB43B5300807F9D /* logo_01.png */; };
/* End PBXBuildFile section */

/* Begin PBXContainerItemProxy section */
		25A561F71B9C760C000A5EBC /* PBXContainerItemProxy */ = {
			isa = PBXContainerItemProxy;
			containerPortal = 25A561D21B9C760C000A5EBC /* Project object */;
			proxyType = 1;
			remoteGlobalIDString = 25A561D91B9C760C000A5EBC;
			remoteInfo = prom_graph;
		};
/* End PBXContainerItemProxy section */

/* Begin PBXFileReference section */
		250D15D91BAC09E8008999DA /* TableViewController.h */ = {isa = PBXFileReference; fileEncoding = 4; lastKnownFileType = sourcecode.c.h; path = TableViewController.h; sourceTree = "<group>"; };
		250D15DA1BAC09E8008999DA /* TableViewController.m */ = {isa = PBXFileReference; fileEncoding = 4; lastKnownFileType = sourcecode.c.objc; path = TableViewController.m; sourceTree = "<group>"; };
		256182961BA2D7F700FAA386 /* FigureController.h */ = {isa = PBXFileReference; fileEncoding = 4; lastKnownFileType = sourcecode.c.h; path = FigureController.h; sourceTree = "<group>"; };
		256182971BA2D7F700FAA386 /* FigureController.m */ = {isa = PBXFileReference; fileEncoding = 4; lastKnownFileType = sourcecode.c.objc; path = FigureController.m; sourceTree = "<group>"; };
		2575E18B1BAB189500C3F572 /* ScoreControler.h */ = {isa = PBXFileReference; fileEncoding = 4; lastKnownFileType = sourcecode.c.h; path = ScoreControler.h; sourceTree = "<group>"; };
		2575E18C1BAB189500C3F572 /* ScoreControler.m */ = {isa = PBXFileReference; fileEncoding = 4; lastKnownFileType = sourcecode.c.objc; path = ScoreControler.m; sourceTree = "<group>"; };
		25913DCA1BB13CD70031B4FF /* 5652.png */ = {isa = PBXFileReference; lastKnownFileType = image.png; path = 5652.png; sourceTree = "<group>"; };
		25A561DA1B9C760C000A5EBC /* prom_graph.app */ = {isa = PBXFileReference; explicitFileType = wrapper.application; includeInIndex = 0; path = prom_graph.app; sourceTree = BUILT_PRODUCTS_DIR; };
		25A561DE1B9C760C000A5EBC /* Info.plist */ = {isa = PBXFileReference; lastKnownFileType = text.plist.xml; path = Info.plist; sourceTree = "<group>"; };
		25A561DF1B9C760C000A5EBC /* main.m */ = {isa = PBXFileReference; lastKnownFileType = sourcecode.c.objc; path = main.m; sourceTree = "<group>"; };
		25A561E11B9C760C000A5EBC /* AppDelegate.h */ = {isa = PBXFileReference; lastKnownFileType = sourcecode.c.h; path = AppDelegate.h; sourceTree = "<group>"; };
		25A561E21B9C760C000A5EBC /* AppDelegate.m */ = {isa = PBXFileReference; lastKnownFileType = sourcecode.c.objc; path = AppDelegate.m; sourceTree = "<group>"; };
		25A561E51B9C760C000A5EBC /* prom_graph.xcdatamodel */ = {isa = PBXFileReference; lastKnownFileType = wrapper.xcdatamodel; path = prom_graph.xcdatamodel; sourceTree = "<group>"; };
		25A561E71B9C760C000A5EBC /* ViewController.h */ = {isa = PBXFileReference; lastKnownFileType = sourcecode.c.h; path = ViewController.h; sourceTree = "<group>"; };
		25A561E81B9C760C000A5EBC /* ViewController.m */ = {isa = PBXFileReference; lastKnownFileType = sourcecode.c.objc; path = ViewController.m; sourceTree = "<group>"; };
		25A561EB1B9C760C000A5EBC /* Base */ = {isa = PBXFileReference; lastKnownFileType = file.storyboard; name = Base; path = Base.lproj/Main.storyboard; sourceTree = "<group>"; };
		25A561ED1B9C760C000A5EBC /* Images.xcassets */ = {isa = PBXFileReference; lastKnownFileType = folder.assetcatalog; path = Images.xcassets; sourceTree = "<group>"; };
		25A561F01B9C760C000A5EBC /* Base */ = {isa = PBXFileReference; lastKnownFileType = file.xib; name = Base; path = Base.lproj/LaunchScreen.xib; sourceTree = "<group>"; };
		25A561F61B9C760C000A5EBC /* prom_graphTests.xctest */ = {isa = PBXFileReference; explicitFileType = wrapper.cfbundle; includeInIndex = 0; path = prom_graphTests.xctest; sourceTree = BUILT_PRODUCTS_DIR; };
		25A561FB1B9C760C000A5EBC /* Info.plist */ = {isa = PBXFileReference; lastKnownFileType = text.plist.xml; path = Info.plist; sourceTree = "<group>"; };
		25A561FC1B9C760C000A5EBC /* prom_graphTests.m */ = {isa = PBXFileReference; lastKnownFileType = sourcecode.c.objc; path = prom_graphTests.m; sourceTree = "<group>"; };
		25A562091B9C8073000A5EBC /* MyCanvas.h */ = {isa = PBXFileReference; fileEncoding = 4; lastKnownFileType = sourcecode.c.h; path = MyCanvas.h; sourceTree = "<group>"; };
		25A5620A1B9C8073000A5EBC /* MyCanvas.m */ = {isa = PBXFileReference; fileEncoding = 4; lastKnownFileType = sourcecode.c.objc; path = MyCanvas.m; sourceTree = "<group>"; };
		8464F6051BB53C5300F81F1B /* 208330906.png */ = {isa = PBXFileReference; lastKnownFileType = image.png; path = 208330906.png; sourceTree = "<group>"; };
		84A4E11C1BB43B5300807F9D /* logo_01.png */ = {isa = PBXFileReference; lastKnownFileType = image.png; name = logo_01.png; path = ../../../Desktop/logo_01.png; sourceTree = "<group>"; };
/* End PBXFileReference section */

/* Begin PBXFrameworksBuildPhase section */
		25A561D71B9C760C000A5EBC /* Frameworks */ = {
			isa = PBXFrameworksBuildPhase;
			buildActionMask = 2147483647;
			files = (
			);
			runOnlyForDeploymentPostprocessing = 0;
		};
		25A561F31B9C760C000A5EBC /* Frameworks */ = {
			isa = PBXFrameworksBuildPhase;
			buildActionMask = 2147483647;
			files = (
			);
			runOnlyForDeploymentPostprocessing = 0;
		};
/* End PBXFrameworksBuildPhase section */

/* Begin PBXGroup section */
		25A561D11B9C760C000A5EBC = {
			isa = PBXGroup;
			children = (
				25A561DC1B9C760C000A5EBC /* prom_graph */,
				25A561F91B9C760C000A5EBC /* prom_graphTests */,
				25A561DB1B9C760C000A5EBC /* Products */,
			);
			sourceTree = "<group>";
		};
		25A561DB1B9C760C000A5EBC /* Products */ = {
			isa = PBXGroup;
			children = (
				25A561DA1B9C760C000A5EBC /* prom_graph.app */,
				25A561F61B9C760C000A5EBC /* prom_graphTests.xctest */,
			);
			name = Products;
			sourceTree = "<group>";
		};
		25A561DC1B9C760C000A5EBC /* prom_graph */ = {
			isa = PBXGroup;
			children = (
				25A561E11B9C760C000A5EBC /* AppDelegate.h */,
				25A561E21B9C760C000A5EBC /* AppDelegate.m */,
				25A561E71B9C760C000A5EBC /* ViewController.h */,
				25A561E81B9C760C000A5EBC /* ViewController.m */,
				25A561EA1B9C760C000A5EBC /* Main.storyboard */,
				25A562091B9C8073000A5EBC /* MyCanvas.h */,
				25A5620A1B9C8073000A5EBC /* MyCanvas.m */,
				256182971BA2D7F700FAA386 /* FigureController.m */,
				256182961BA2D7F700FAA386 /* FigureController.h */,
				2575E18B1BAB189500C3F572 /* ScoreControler.h */,
				2575E18C1BAB189500C3F572 /* ScoreControler.m */,
				250D15D91BAC09E8008999DA /* TableViewController.h */,
				250D15DA1BAC09E8008999DA /* TableViewController.m */,
				25A561ED1B9C760C000A5EBC /* Images.xcassets */,
				25A561EF1B9C760C000A5EBC /* LaunchScreen.xib */,
				25A561E41B9C760C000A5EBC /* prom_graph.xcdatamodeld */,
				25A561DD1B9C760C000A5EBC /* Supporting Files */,
				8464F6051BB53C5300F81F1B /* 208330906.png */,
				25913DCA1BB13CD70031B4FF /* 5652.png */,
				84A4E11C1BB43B5300807F9D /* logo_01.png */,
			);
			path = prom_graph;
			sourceTree = "<group>";
		};
		25A561DD1B9C760C000A5EBC /* Supporting Files */ = {
			isa = PBXGroup;
			children = (
				25A561DE1B9C760C000A5EBC /* Info.plist */,
				25A561DF1B9C760C000A5EBC /* main.m */,
			);
			name = "Supporting Files";
			sourceTree = "<group>";
		};
		25A561F91B9C760C000A5EBC /* prom_graphTests */ = {
			isa = PBXGroup;
			children = (
				25A561FC1B9C760C000A5EBC /* prom_graphTests.m */,
				25A561FA1B9C760C000A5EBC /* Supporting Files */,
			);
			path = prom_graphTests;
			sourceTree = "<group>";
		};
		25A561FA1B9C760C000A5EBC /* Supporting Files */ = {
			isa = PBXGroup;
			children = (
				25A561FB1B9C760C000A5EBC /* Info.plist */,
			);
			name = "Supporting Files";
			sourceTree = "<group>";
		};
/* End PBXGroup section */

/* Begin PBXNativeTarget section */
		25A561D91B9C760C000A5EBC /* prom_graph */ = {
			isa = PBXNativeTarget;
			buildConfigurationList = 25A562001B9C760C000A5EBC /* Build configuration list for PBXNativeTarget "prom_graph" */;
			buildPhases = (
				25A561D61B9C760C000A5EBC /* Sources */,
				25A561D71B9C760C000A5EBC /* Frameworks */,
				25A561D81B9C760C000A5EBC /* Resources */,
			);
			buildRules = (
			);
			dependencies = (
			);
			name = prom_graph;
			productName = prom_graph;
			productReference = 25A561DA1B9C760C000A5EBC /* prom_graph.app */;
			productType = "com.apple.product-type.application";
		};
		25A561F51B9C760C000A5EBC /* prom_graphTests */ = {
			isa = PBXNativeTarget;
			buildConfigurationList = 25A562031B9C760C000A5EBC /* Build configuration list for PBXNativeTarget "prom_graphTests" */;
			buildPhases = (
				25A561F21B9C760C000A5EBC /* Sources */,
				25A561F31B9C760C000A5EBC /* Frameworks */,
				25A561F41B9C760C000A5EBC /* Resources */,
			);
			buildRules = (
			);
			dependencies = (
				25A561F81B9C760C000A5EBC /* PBXTargetDependency */,
			);
			name = prom_graphTests;
			productName = prom_graphTests;
			productReference = 25A561F61B9C760C000A5EBC /* prom_graphTests.xctest */;
			productType = "com.apple.product-type.bundle.unit-test";
		};
/* End PBXNativeTarget section */

/* Begin PBXProject section */
		25A561D21B9C760C000A5EBC /* Project object */ = {
			isa = PBXProject;
			attributes = {
				LastUpgradeCheck = 0610;
				ORGANIZATIONNAME = pelekh;
				TargetAttributes = {
					25A561D91B9C760C000A5EBC = {
						CreatedOnToolsVersion = 6.1.1;
					};
					25A561F51B9C760C000A5EBC = {
						CreatedOnToolsVersion = 6.1.1;
						TestTargetID = 25A561D91B9C760C000A5EBC;
					};
				};
			};
			buildConfigurationList = 25A561D51B9C760C000A5EBC /* Build configuration list for PBXProject "prom_graph" */;
			compatibilityVersion = "Xcode 3.2";
			developmentRegion = English;
			hasScannedForEncodings = 0;
			knownRegions = (
				en,
				Base,
			);
			mainGroup = 25A561D11B9C760C000A5EBC;
			productRefGroup = 25A561DB1B9C760C000A5EBC /* Products */;
			projectDirPath = "";
			projectRoot = "";
			targets = (
				25A561D91B9C760C000A5EBC /* prom_graph */,
				25A561F51B9C760C000A5EBC /* prom_graphTests */,
			);
		};
/* End PBXProject section */

/* Begin PBXResourcesBuildPhase section */
		25A561D81B9C760C000A5EBC /* Resources */ = {
			isa = PBXResourcesBuildPhase;
			buildActionMask = 2147483647;
			files = (
				84A4E11D1BB43B5300807F9D /* logo_01.png in Resources */,
				8464F6061BB53C5300F81F1B /* 208330906.png in Resources */,
				25A561EC1B9C760C000A5EBC /* Main.storyboard in Resources */,
				25913DCB1BB13CD70031B4FF /* 5652.png in Resources */,
				25A561F11B9C760C000A5EBC /* LaunchScreen.xib in Resources */,
				25A561EE1B9C760C000A5EBC /* Images.xcassets in Resources */,
			);
			runOnlyForDeploymentPostprocessing = 0;
		};
		25A561F41B9C760C000A5EBC /* Resources */ = {
			isa = PBXResourcesBuildPhase;
			buildActionMask = 2147483647;
			files = (
			);
			runOnlyForDeploymentPostprocessing = 0;
		};
/* End PBXResourcesBuildPhase section */

/* Begin PBXSourcesBuildPhase section */
		25A561D61B9C760C000A5EBC /* Sources */ = {
			isa = PBXSourcesBuildPhase;
			buildActionMask = 2147483647;
			files = (
				25A561E31B9C760C000A5EBC /* AppDelegate.m in Sources */,
				25A561E01B9C760C000A5EBC /* main.m in Sources */,
				25A561E91B9C760C000A5EBC /* ViewController.m in Sources */,
				256182981BA2D7F700FAA386 /* FigureController.m in Sources */,
				2575E18D1BAB189500C3F572 /* ScoreControler.m in Sources */,
				25A561E61B9C760C000A5EBC /* prom_graph.xcdatamodeld in Sources */,
				25A5620B1B9C8073000A5EBC /* MyCanvas.m in Sources */,
				250D15DB1BAC09E8008999DA /* TableViewController.m in Sources */,
			);
			runOnlyForDeploymentPostprocessing = 0;
		};
		25A561F21B9C760C000A5EBC /* Sources */ = {
			isa = PBXSourcesBuildPhase;
			buildActionMask = 2147483647;
			files = (
				25A561FD1B9C760C000A5EBC /* prom_graphTests.m in Sources */,
			);
			runOnlyForDeploymentPostprocessing = 0;
		};
/* End PBXSourcesBuildPhase section */

/* Begin PBXTargetDependency section */
		25A561F81B9C760C000A5EBC /* PBXTargetDependency */ = {
			isa = PBXTargetDependency;
			target = 25A561D91B9C760C000A5EBC /* prom_graph */;
			targetProxy = 25A561F71B9C760C000A5EBC /* PBXContainerItemProxy */;
		};
/* End PBXTargetDependency section */

/* Begin PBXVariantGroup section */
		25A561EA1B9C760C000A5EBC /* Main.storyboard */ = {
			isa = PBXVariantGroup;
			children = (
				25A561EB1B9C760C000A5EBC /* Base */,
			);
			name = Main.storyboard;
			sourceTree = "<group>";
		};
		25A561EF1B9C760C000A5EBC /* LaunchScreen.xib */ = {
			isa = PBXVariantGroup;
			children = (
				25A561F01B9C760C000A5EBC /* Base */,
			);
			name = LaunchScreen.xib;
			sourceTree = "<group>";
		};
/* End PBXVariantGroup section */

/* Begin XCBuildConfiguration section */
		25A561FE1B9C760C000A5EBC /* Debug */ = {
			isa = XCBuildConfiguration;
			buildSettings = {
				ALWAYS_SEARCH_USER_PATHS = NO;
				CLANG_CXX_LANGUAGE_STANDARD = "gnu++0x";
				CLANG_CXX_LIBRARY = "libc++";
				CLANG_ENABLE_MODULES = YES;
				CLANG_ENABLE_OBJC_ARC = YES;
				CLANG_WARN_BOOL_CONVERSION = YES;
				CLANG_WARN_CONSTANT_CONVERSION = YES;
				CLANG_WARN_DIRECT_OBJC_ISA_USAGE = YES_ERROR;
				CLANG_WARN_EMPTY_BODY = YES;
				CLANG_WARN_ENUM_CONVERSION = YES;
				CLANG_WARN_INT_CONVERSION = YES;
				CLANG_WARN_OBJC_ROOT_CLASS = YES_ERROR;
				CLANG_WARN_UNREACHABLE_CODE = YES;
				CLANG_WARN__DUPLICATE_METHOD_MATCH = YES;
				"CODE_SIGN_IDENTITY[sdk=iphoneos*]" = "iPhone Developer";
				COPY_PHASE_STRIP = NO;
				ENABLE_STRICT_OBJC_MSGSEND = YES;
				GCC_C_LANGUAGE_STANDARD = gnu99;
				GCC_DYNAMIC_NO_PIC = NO;
				GCC_OPTIMIZATION_LEVEL = 0;
				GCC_PREPROCESSOR_DEFINITIONS = (
					"DEBUG=1",
					"$(inherited)",
				);
				GCC_SYMBOLS_PRIVATE_EXTERN = NO;
				GCC_WARN_64_TO_32_BIT_CONVERSION = YES;
				GCC_WARN_ABOUT_RETURN_TYPE = YES_ERROR;
				GCC_WARN_UNDECLARED_SELECTOR = YES;
				GCC_WARN_UNINITIALIZED_AUTOS = YES_AGGRESSIVE;
				GCC_WARN_UNUSED_FUNCTION = YES;
				GCC_WARN_UNUSED_VARIABLE = YES;
				IPHONEOS_DEPLOYMENT_TARGET = 7.0;
				MTL_ENABLE_DEBUG_INFO = YES;
				ONLY_ACTIVE_ARCH = YES;
				SDKROOT = iphoneos;
				TARGETED_DEVICE_FAMILY = "1,2";
			};
			name = Debug;
		};
		25A561FF1B9C760C000A5EBC /* Release */ = {
			isa = XCBuildConfiguration;
			buildSettings = {
				ALWAYS_SEARCH_USER_PATHS = NO;
				CLANG_CXX_LANGUAGE_STANDARD = "gnu++0x";
				CLANG_CXX_LIBRARY = "libc++";
				CLANG_ENABLE_MODULES = YES;
				CLANG_ENABLE_OBJC_ARC = YES;
				CLANG_WARN_BOOL_CONVERSION = YES;
				CLANG_WARN_CONSTANT_CONVERSION = YES;
				CLANG_WARN_DIRECT_OBJC_ISA_USAGE = YES_ERROR;
				CLANG_WARN_EMPTY_BODY = YES;
				CLANG_WARN_ENUM_CONVERSION = YES;
				CLANG_WARN_INT_CONVERSION = YES;
				CLANG_WARN_OBJC_ROOT_CLASS = YES_ERROR;
				CLANG_WARN_UNREACHABLE_CODE = YES;
				CLANG_WARN__DUPLICATE_METHOD_MATCH = YES;
				"CODE_SIGN_IDENTITY[sdk=iphoneos*]" = "iPhone Developer";
				COPY_PHASE_STRIP = YES;
				ENABLE_NS_ASSERTIONS = NO;
				ENABLE_STRICT_OBJC_MSGSEND = YES;
				GCC_C_LANGUAGE_STANDARD = gnu99;
				GCC_WARN_64_TO_32_BIT_CONVERSION = YES;
				GCC_WARN_ABOUT_RETURN_TYPE = YES_ERROR;
				GCC_WARN_UNDECLARED_SELECTOR = YES;
				GCC_WARN_UNINITIALIZED_AUTOS = YES_AGGRESSIVE;
				GCC_WARN_UNUSED_FUNCTION = YES;
				GCC_WARN_UNUSED_VARIABLE = YES;
				IPHONEOS_DEPLOYMENT_TARGET = 7.0;
				MTL_ENABLE_DEBUG_INFO = NO;
				SDKROOT = iphoneos;
				TARGETED_DEVICE_FAMILY = "1,2";
				VALIDATE_PRODUCT = YES;
			};
			name = Release;
		};
		25A562011B9C760C000A5EBC /* Debug */ = {
			isa = XCBuildConfiguration;
			buildSettings = {
				ASSETCATALOG_COMPILER_APPICON_NAME = AppIcon;
				INFOPLIST_FILE = prom_graph/Info.plist;
				IPHONEOS_DEPLOYMENT_TARGET = 8.0;
				LD_RUNPATH_SEARCH_PATHS = "$(inherited) @executable_path/Frameworks";
				PRODUCT_NAME = "$(TARGET_NAME)";
				TARGETED_DEVICE_FAMILY = 1;
			};
			name = Debug;
		};
		25A562021B9C760C000A5EBC /* Release */ = {
			isa = XCBuildConfiguration;
			buildSettings = {
				ASSETCATALOG_COMPILER_APPICON_NAME = AppIcon;
				INFOPLIST_FILE = prom_graph/Info.plist;
				IPHONEOS_DEPLOYMENT_TARGET = 8.0;
				LD_RUNPATH_SEARCH_PATHS = "$(inherited) @executable_path/Frameworks";
				PRODUCT_NAME = "$(TARGET_NAME)";
				TARGETED_DEVICE_FAMILY = 1;
			};
			name = Release;
		};
		25A562041B9C760C000A5EBC /* Debug */ = {
			isa = XCBuildConfiguration;
			buildSettings = {
				BUNDLE_LOADER = "$(TEST_HOST)";
				FRAMEWORK_SEARCH_PATHS = (
					"$(SDKROOT)/Developer/Library/Frameworks",
					"$(inherited)",
				);
				GCC_PREPROCESSOR_DEFINITIONS = (
					"DEBUG=1",
					"$(inherited)",
				);
				INFOPLIST_FILE = prom_graphTests/Info.plist;
				LD_RUNPATH_SEARCH_PATHS = "$(inherited) @executable_path/Frameworks @loader_path/Frameworks";
				PRODUCT_NAME = "$(TARGET_NAME)";
				TEST_HOST = "$(BUILT_PRODUCTS_DIR)/prom_graph.app/prom_graph";
			};
			name = Debug;
		};
		25A562051B9C760C000A5EBC /* Release */ = {
			isa = XCBuildConfiguration;
			buildSettings = {
				BUNDLE_LOADER = "$(TEST_HOST)";
				FRAMEWORK_SEARCH_PATHS = (
					"$(SDKROOT)/Developer/Library/Frameworks",
					"$(inherited)",
				);
				INFOPLIST_FILE = prom_graphTests/Info.plist;
				LD_RUNPATH_SEARCH_PATHS = "$(inherited) @executable_path/Frameworks @loader_path/Frameworks";
				PRODUCT_NAME = "$(TARGET_NAME)";
				TEST_HOST = "$(BUILT_PRODUCTS_DIR)/prom_graph.app/prom_graph";
			};
			name = Release;
		};
/* End XCBuildConfiguration section */

/* Begin XCConfigurationList section */
		25A561D51B9C760C000A5EBC /* Build configuration list for PBXProject "prom_graph" */ = {
			isa = XCConfigurationList;
			buildConfigurations = (
				25A561FE1B9C760C000A5EBC /* Debug */,
				25A561FF1B9C760C000A5EBC /* Release */,
			);
			defaultConfigurationIsVisible = 0;
			defaultConfigurationName = Release;
		};
		25A562001B9C760C000A5EBC /* Build configuration list for PBXNativeTarget "prom_graph" */ = {
			isa = XCConfigurationList;
			buildConfigurations = (
				25A562011B9C760C000A5EBC /* Debug */,
				25A562021B9C760C000A5EBC /* Release */,
			);
			defaultConfigurationIsVisible = 0;
			defaultConfigurationName = Release;
		};
		25A562031B9C760C000A5EBC /* Build configuration list for PBXNativeTarget "prom_graphTests" */ = {
			isa = XCConfigurationList;
			buildConfigurations = (
				25A562041B9C760C000A5EBC /* Debug */,
				25A562051B9C760C000A5EBC /* Release */,
			);
			defaultConfigurationIsVisible = 0;
			defaultConfigurationName = Release;
		};
/* End XCConfigurationList section */

/* Begin XCVersionGroup section */
		25A561E41B9C760C000A5EBC /* prom_graph.xcdatamodeld */ = {
			isa = XCVersionGroup;
			children = (
				25A561E51B9C760C000A5EBC /* prom_graph.xcdatamodel */,
			);
			currentVersion = 25A561E51B9C760C000A5EBC /* prom_graph.xcdatamodel */;
			path = prom_graph.xcdatamodeld;
			sourceTree = "<group>";
			versionGroupType = wrapper.xcdatamodel;
		};
/* End XCVersionGroup section */
	};
	rootObject = 25A561D21B9C760C000A5EBC /* Project object */;
}
